
Microsoft Visual Studio Solution File, Format Version 12.00
# Visual Studio Version 17
VisualStudioVersion = 17.4.33110.190
MinimumVisualStudioVersion = 10.0.40219.1
Project("{FAE04EC0-301F-11D3-BF4B-00C04F79EFBC}") = "BirdNest", "BirdNest\BirdNest.csproj", "{0B5FFE71-10E6-46AC-AFCF-75118D956D9D}"
EndProject
Global
	GlobalSection(SolutionConfigurationPlatforms) = preSolution
		Debug|Any CPU = Debug|Any CPU
		Release|Any CPU = Release|Any CPU
	EndGlobalSection
	GlobalSection(ProjectConfigurationPlatforms) = postSolution
		{0B5FFE71-10E6-46AC-AFCF-75118D956D9D}.Debug|Any CPU.ActiveCfg = Debug|Any CPU
		{0B5FFE71-10E6-46AC-AFCF-75118D956D9D}.Debug|Any CPU.Build.0 = Debug|Any CPU
		{0B5FFE71-10E6-46AC-AFCF-75118D956D9D}.Release|Any CPU.ActiveCfg = Release|Any CPU
		{0B5FFE71-10E6-46AC-AFCF-75118D956D9D}.Release|Any CPU.Build.0 = Release|Any CPU
	EndGlobalSection
	GlobalSection(SolutionProperties) = preSolution
		HideSolutionNode = FALSE
	EndGlobalSection
	GlobalSection(ExtensibilityGlobals) = postSolution
		SolutionGuid = {98176121-834F-492F-B27D-EAF88BE92E22}
	EndGlobalSection
EndGlobal
